
Microsoft Visual Studio Solution File, Format Version 12.00
# Visual Studio Version 16
VisualStudioVersion = 16.0.32106.194
MinimumVisualStudioVersion = 10.0.40219.1
Project("{FAE04EC0-301F-11D3-BF4B-00C04F79EFBC}") = "Rota", "Rota\Rota.csproj", "{ECC58783-7E87-4C02-B5E6-B08D1E1AC4AA}"
EndProject
Global
	GlobalSection(SolutionConfigurationPlatforms) = preSolution
		Debug|Any CPU = Debug|Any CPU
		Release|Any CPU = Release|Any CPU
	EndGlobalSection
	GlobalSection(ProjectConfigurationPlatforms) = postSolution
		{ECC58783-7E87-4C02-B5E6-B08D1E1AC4AA}.Debug|Any CPU.ActiveCfg = Debug|Any CPU
		{ECC58783-7E87-4C02-B5E6-B08D1E1AC4AA}.Debug|Any CPU.Build.0 = Debug|Any CPU
		{ECC58783-7E87-4C02-B5E6-B08D1E1AC4AA}.Release|Any CPU.ActiveCfg = Release|Any CPU
		{ECC58783-7E87-4C02-B5E6-B08D1E1AC4AA}.Release|Any CPU.Build.0 = Release|Any CPU
	EndGlobalSection
	GlobalSection(SolutionProperties) = preSolution
		HideSolutionNode = FALSE
	EndGlobalSection
	GlobalSection(ExtensibilityGlobals) = postSolution
		SolutionGuid = {9648E00C-40EE-4A88-B091-4A70F74B5B1D}
	EndGlobalSection
EndGlobal
